
Microsoft Visual Studio Solution File, Format Version 12.00
Project("{FAE04EC0-301F-11D3-BF4B-00C04F79EFBC}") = "UpGoDown.Api", "src\UpGoDown.Api\UpGoDown.Api.csproj", "{B7E8F1A2-3C4D-5E6F-7890-ABCDEF123456}"
EndProject
Global
	GlobalSection(SolutionConfigurationPlatforms) = preSolution
		Debug|Any CPU = Debug|Any CPU
		Release|Any CPU = Release|Any CPU
	EndGlobalSection
	GlobalSection(ProjectConfigurationPlatforms) = postSolution
		{B7E8F1A2-3C4D-5E6F-7890-ABCDEF123456}.Debug|Any CPU.ActiveCfg = Debug|Any CPU
		{B7E8F1A2-3C4D-5E6F-7890-ABCDEF123456}.Debug|Any CPU.Build.0 = Debug|Any CPU
		{B7E8F1A2-3C4D-5E6F-7890-ABCDEF123456}.Release|Any CPU.ActiveCfg = Release|Any CPU
		{B7E8F1A2-3C4D-5E6F-7890-ABCDEF123456}.Release|Any CPU.Build.0 = Release|Any CPU
	EndGlobalSection
EndGlobal
